
Microsoft Visual Studio Solution File, Format Version 12.00
# Visual Studio Version 16
VisualStudioVersion = 16.0.31402.337
MinimumVisualStudioVersion = 10.0.40219.1
Project("{FAE04EC0-301F-11D3-BF4B-00C04F79EFBC}") = "AsyncSocketServer", "AsyncSocketServer.csproj", "{18C79007-AF69-4749-8B0B-6EDAA5DEFB8B}"
EndProject
Project("{FAE04EC0-301F-11D3-BF4B-00C04F79EFBC}") = "SocketAsync2", "..\SocketAsync2\SocketAsync2.csproj", "{C69A2E45-B4A6-4F69-A778-62ECB50C0E20}"
EndProject
Global
	GlobalSection(SolutionConfigurationPlatforms) = preSolution
		Debug|Any CPU = Debug|Any CPU
		Release|Any CPU = Release|Any CPU
	EndGlobalSection
	GlobalSection(ProjectConfigurationPlatforms) = postSolution
		{18C79007-AF69-4749-8B0B-6EDAA5DEFB8B}.Debug|Any CPU.ActiveCfg = Debug|Any CPU
		{18C79007-AF69-4749-8B0B-6EDAA5DEFB8B}.Debug|Any CPU.Build.0 = Debug|Any CPU
		{18C79007-AF69-4749-8B0B-6EDAA5DEFB8B}.Release|Any CPU.ActiveCfg = Release|Any CPU
		{18C79007-AF69-4749-8B0B-6EDAA5DEFB8B}.Release|Any CPU.Build.0 = Release|Any CPU
		{C69A2E45-B4A6-4F69-A778-62ECB50C0E20}.Debug|Any CPU.ActiveCfg = Debug|Any CPU
		{C69A2E45-B4A6-4F69-A778-62ECB50C0E20}.Debug|Any CPU.Build.0 = Debug|Any CPU
		{C69A2E45-B4A6-4F69-A778-62ECB50C0E20}.Release|Any CPU.ActiveCfg = Release|Any CPU
		{C69A2E45-B4A6-4F69-A778-62ECB50C0E20}.Release|Any CPU.Build.0 = Release|Any CPU
	EndGlobalSection
	GlobalSection(SolutionProperties) = preSolution
		HideSolutionNode = FALSE
	EndGlobalSection
	GlobalSection(ExtensibilityGlobals) = postSolution
		SolutionGuid = {921725E1-A478-4C78-A61F-18543C712835}
	EndGlobalSection
EndGlobal
