
Microsoft Visual Studio Solution File, Format Version 12.00
# Visual Studio Version 16
VisualStudioVersion = 16.0.31402.337
MinimumVisualStudioVersion = 10.0.40219.1
Project("{FAE04EC0-301F-11D3-BF4B-00C04F79EFBC}") = "StudentsArrayOOP", "StudentsArrayOOP.csproj", "{318196F0-EEFE-45DB-8299-D2118F40A849}"
EndProject
Global
	GlobalSection(SolutionConfigurationPlatforms) = preSolution
		Debug|Any CPU = Debug|Any CPU
		Release|Any CPU = Release|Any CPU
	EndGlobalSection
	GlobalSection(ProjectConfigurationPlatforms) = postSolution
		{318196F0-EEFE-45DB-8299-D2118F40A849}.Debug|Any CPU.ActiveCfg = Debug|Any CPU
		{318196F0-EEFE-45DB-8299-D2118F40A849}.Debug|Any CPU.Build.0 = Debug|Any CPU
		{318196F0-EEFE-45DB-8299-D2118F40A849}.Release|Any CPU.ActiveCfg = Release|Any CPU
		{318196F0-EEFE-45DB-8299-D2118F40A849}.Release|Any CPU.Build.0 = Release|Any CPU
	EndGlobalSection
	GlobalSection(SolutionProperties) = preSolution
		HideSolutionNode = FALSE
	EndGlobalSection
	GlobalSection(ExtensibilityGlobals) = postSolution
		SolutionGuid = {C534DD95-F462-4B73-AD0E-FECB140C93DF}
	EndGlobalSection
EndGlobal
