
Microsoft Visual Studio Solution File, Format Version 12.00
# Visual Studio Version 16
VisualStudioVersion = 16.0.31402.337
MinimumVisualStudioVersion = 10.0.40219.1
Project("{FAE04EC0-301F-11D3-BF4B-00C04F79EFBC}") = "InheritanceOOP", "InheritanceOOP.csproj", "{99C0BFBF-325E-47AF-89D8-5009E4A9E945}"
EndProject
Global
	GlobalSection(SolutionConfigurationPlatforms) = preSolution
		Debug|Any CPU = Debug|Any CPU
		Release|Any CPU = Release|Any CPU
	EndGlobalSection
	GlobalSection(ProjectConfigurationPlatforms) = postSolution
		{99C0BFBF-325E-47AF-89D8-5009E4A9E945}.Debug|Any CPU.ActiveCfg = Debug|Any CPU
		{99C0BFBF-325E-47AF-89D8-5009E4A9E945}.Debug|Any CPU.Build.0 = Debug|Any CPU
		{99C0BFBF-325E-47AF-89D8-5009E4A9E945}.Release|Any CPU.ActiveCfg = Release|Any CPU
		{99C0BFBF-325E-47AF-89D8-5009E4A9E945}.Release|Any CPU.Build.0 = Release|Any CPU
	EndGlobalSection
	GlobalSection(SolutionProperties) = preSolution
		HideSolutionNode = FALSE
	EndGlobalSection
	GlobalSection(ExtensibilityGlobals) = postSolution
		SolutionGuid = {80723E51-6112-4233-9552-180CD1273011}
	EndGlobalSection
EndGlobal
