
Microsoft Visual Studio Solution File, Format Version 12.00
# Visual Studio Version 16
VisualStudioVersion = 16.0.31402.337
MinimumVisualStudioVersion = 10.0.40219.1
Project("{9A19103F-16F7-4668-BE54-9A1E7A4F7556}") = "SocketServerReceiveFromClient", "SocketServerReceiveFromClient.csproj", "{70490F63-AA07-4EDA-8DC7-1FC399105A2A}"
EndProject
Global
	GlobalSection(SolutionConfigurationPlatforms) = preSolution
		Debug|Any CPU = Debug|Any CPU
		Release|Any CPU = Release|Any CPU
	EndGlobalSection
	GlobalSection(ProjectConfigurationPlatforms) = postSolution
		{70490F63-AA07-4EDA-8DC7-1FC399105A2A}.Debug|Any CPU.ActiveCfg = Debug|Any CPU
		{70490F63-AA07-4EDA-8DC7-1FC399105A2A}.Debug|Any CPU.Build.0 = Debug|Any CPU
		{70490F63-AA07-4EDA-8DC7-1FC399105A2A}.Release|Any CPU.ActiveCfg = Release|Any CPU
		{70490F63-AA07-4EDA-8DC7-1FC399105A2A}.Release|Any CPU.Build.0 = Release|Any CPU
	EndGlobalSection
	GlobalSection(SolutionProperties) = preSolution
		HideSolutionNode = FALSE
	EndGlobalSection
	GlobalSection(ExtensibilityGlobals) = postSolution
		SolutionGuid = {C17FB4AD-12E7-4DC5-A8CC-7308B50927DA}
	EndGlobalSection
EndGlobal
