
Microsoft Visual Studio Solution File, Format Version 12.00
# Visual Studio Version 16
VisualStudioVersion = 16.0.31402.337
MinimumVisualStudioVersion = 10.0.40219.1
Project("{FAE04EC0-301F-11D3-BF4B-00C04F79EFBC}") = "WarriorFightsOOP", "WarriorFightsOOP.csproj", "{EB9FA925-886C-4545-AF3D-CCBAB2C0D71C}"
EndProject
Global
	GlobalSection(SolutionConfigurationPlatforms) = preSolution
		Debug|Any CPU = Debug|Any CPU
		Release|Any CPU = Release|Any CPU
	EndGlobalSection
	GlobalSection(ProjectConfigurationPlatforms) = postSolution
		{EB9FA925-886C-4545-AF3D-CCBAB2C0D71C}.Debug|Any CPU.ActiveCfg = Debug|Any CPU
		{EB9FA925-886C-4545-AF3D-CCBAB2C0D71C}.Debug|Any CPU.Build.0 = Debug|Any CPU
		{EB9FA925-886C-4545-AF3D-CCBAB2C0D71C}.Release|Any CPU.ActiveCfg = Release|Any CPU
		{EB9FA925-886C-4545-AF3D-CCBAB2C0D71C}.Release|Any CPU.Build.0 = Release|Any CPU
	EndGlobalSection
	GlobalSection(SolutionProperties) = preSolution
		HideSolutionNode = FALSE
	EndGlobalSection
	GlobalSection(ExtensibilityGlobals) = postSolution
		SolutionGuid = {90B0C667-6F75-4491-AFD1-D40A4A47F974}
	EndGlobalSection
EndGlobal
