
Microsoft Visual Studio Solution File, Format Version 12.00
# Visual Studio Version 16
VisualStudioVersion = 16.0.31402.337
MinimumVisualStudioVersion = 10.0.40219.1
Project("{FAE04EC0-301F-11D3-BF4B-00C04F79EFBC}") = "ImportTest", "ImportTest.csproj", "{1649C49A-7C1E-49F6-AAA5-8F20F4234B9C}"
EndProject
Global
	GlobalSection(SolutionConfigurationPlatforms) = preSolution
		Debug|Any CPU = Debug|Any CPU
		Release|Any CPU = Release|Any CPU
	EndGlobalSection
	GlobalSection(ProjectConfigurationPlatforms) = postSolution
		{1649C49A-7C1E-49F6-AAA5-8F20F4234B9C}.Debug|Any CPU.ActiveCfg = Debug|Any CPU
		{1649C49A-7C1E-49F6-AAA5-8F20F4234B9C}.Debug|Any CPU.Build.0 = Debug|Any CPU
		{1649C49A-7C1E-49F6-AAA5-8F20F4234B9C}.Release|Any CPU.ActiveCfg = Release|Any CPU
		{1649C49A-7C1E-49F6-AAA5-8F20F4234B9C}.Release|Any CPU.Build.0 = Release|Any CPU
	EndGlobalSection
	GlobalSection(SolutionProperties) = preSolution
		HideSolutionNode = FALSE
	EndGlobalSection
	GlobalSection(ExtensibilityGlobals) = postSolution
		SolutionGuid = {70DB8D31-AFE0-4752-AB16-BD4C53D51D37}
	EndGlobalSection
EndGlobal
