
Microsoft Visual Studio Solution File, Format Version 12.00
# Visual Studio Version 16
VisualStudioVersion = 16.0.31402.337
MinimumVisualStudioVersion = 10.0.40219.1
Project("{FAE04EC0-301F-11D3-BF4B-00C04F79EFBC}") = "SocketClientStarter", "SocketClientStarter.csproj", "{64C0FCE8-FBA7-4D69-BC18-E905444C1394}"
EndProject
Global
	GlobalSection(SolutionConfigurationPlatforms) = preSolution
		Debug|Any CPU = Debug|Any CPU
		Release|Any CPU = Release|Any CPU
	EndGlobalSection
	GlobalSection(ProjectConfigurationPlatforms) = postSolution
		{64C0FCE8-FBA7-4D69-BC18-E905444C1394}.Debug|Any CPU.ActiveCfg = Debug|Any CPU
		{64C0FCE8-FBA7-4D69-BC18-E905444C1394}.Debug|Any CPU.Build.0 = Debug|Any CPU
		{64C0FCE8-FBA7-4D69-BC18-E905444C1394}.Release|Any CPU.ActiveCfg = Release|Any CPU
		{64C0FCE8-FBA7-4D69-BC18-E905444C1394}.Release|Any CPU.Build.0 = Release|Any CPU
	EndGlobalSection
	GlobalSection(SolutionProperties) = preSolution
		HideSolutionNode = FALSE
	EndGlobalSection
	GlobalSection(ExtensibilityGlobals) = postSolution
		SolutionGuid = {660777CA-3B51-4D04-A04C-261176F048C4}
	EndGlobalSection
EndGlobal
