
Microsoft Visual Studio Solution File, Format Version 12.00
# Visual Studio Version 16
VisualStudioVersion = 16.0.30907.101
MinimumVisualStudioVersion = 10.0.40219.1
Project("{FAE04EC0-301F-11D3-BF4B-00C04F79EFBC}") = "BinaryHackerrank", "BinaryHackerrank.csproj", "{F3E49301-1662-48C1-8005-C5BCA4131DEF}"
EndProject
Global
	GlobalSection(SolutionConfigurationPlatforms) = preSolution
		Debug|Any CPU = Debug|Any CPU
		Release|Any CPU = Release|Any CPU
	EndGlobalSection
	GlobalSection(ProjectConfigurationPlatforms) = postSolution
		{F3E49301-1662-48C1-8005-C5BCA4131DEF}.Debug|Any CPU.ActiveCfg = Debug|Any CPU
		{F3E49301-1662-48C1-8005-C5BCA4131DEF}.Debug|Any CPU.Build.0 = Debug|Any CPU
		{F3E49301-1662-48C1-8005-C5BCA4131DEF}.Release|Any CPU.ActiveCfg = Release|Any CPU
		{F3E49301-1662-48C1-8005-C5BCA4131DEF}.Release|Any CPU.Build.0 = Release|Any CPU
	EndGlobalSection
	GlobalSection(SolutionProperties) = preSolution
		HideSolutionNode = FALSE
	EndGlobalSection
	GlobalSection(ExtensibilityGlobals) = postSolution
		SolutionGuid = {C91B9DFB-57C2-4945-9AB9-94F394BF5017}
	EndGlobalSection
EndGlobal
